// !$*UTF8*$!
{
	archiveVersion = 1;
	classes = {
	};
	objectVersion = 46;
	objects = {

/* Begin PBXBuildFile section */
		BDD77BFD1CA1301100B9E249 /* AppDelegate.swift in Sources */ = {isa = PBXBuildFile; fileRef = BDD77BFC1CA1301100B9E249 /* AppDelegate.swift */; };
		BDD77BFF1CA1301100B9E249 /* ViewController.swift in Sources */ = {isa = PBXBuildFile; fileRef = BDD77BFE1CA1301100B9E249 /* ViewController.swift */; };
		BDD77C021CA1301100B9E249 /* Main.storyboard in Resources */ = {isa = PBXBuildFile; fileRef = BDD77C001CA1301100B9E249 /* Main.storyboard */; };
		BDD77C041CA1301100B9E249 /* Assets.xcassets in Resources */ = {isa = PBXBuildFile; fileRef = BDD77C031CA1301100B9E249 /* Assets.xcassets */; };
		BDD77C071CA1301100B9E249 /* LaunchScreen.storyboard in Resources */ = {isa = PBXBuildFile; fileRef = BDD77C051CA1301100B9E249 /* LaunchScreen.storyboard */; };
		BDD77C121CA1301100B9E249 /* FormattersTests.swift in Sources */ = {isa = PBXBuildFile; fileRef = BDD77C111CA1301100B9E249 /* FormattersTests.swift */; };
		BDD77C1D1CA1301A00B9E249 /* Formatters.swift in Sources */ = {isa = PBXBuildFile; fileRef = BDD77C1C1CA1301A00B9E249 /* Formatters.swift */; };
/* End PBXBuildFile section */

/* Begin PBXContainerItemProxy section */
		BDD77C0E1CA1301100B9E249 /* PBXContainerItemProxy */ = {
			isa = PBXContainerItemProxy;
			containerPortal = BDD77BF11CA1301100B9E249 /* Project object */;
			proxyType = 1;
			remoteGlobalIDString = BDD77BF81CA1301100B9E249;
			remoteInfo = Formatters;
		};
/* End PBXContainerItemProxy section */

/* Begin PBXFileReference section */
		BDD77BF91CA1301100B9E249 /* Formatters.app */ = {isa = PBXFileReference; explicitFileType = wrapper.application; includeInIndex = 0; path = Formatters.app; sourceTree = BUILT_PRODUCTS_DIR; };
		BDD77BFC1CA1301100B9E249 /* AppDelegate.swift */ = {isa = PBXFileReference; lastKnownFileType = sourcecode.swift; path = AppDelegate.swift; sourceTree = "<group>"; };
		BDD77BFE1CA1301100B9E249 /* ViewController.swift */ = {isa = PBXFileReference; lastKnownFileType = sourcecode.swift; path = ViewController.swift; sourceTree = "<group>"; };
		BDD77C011CA1301100B9E249 /* Base */ = {isa = PBXFileReference; lastKnownFileType = file.storyboard; name = Base; path = Base.lproj/Main.storyboard; sourceTree = "<group>"; };
		BDD77C031CA1301100B9E249 /* Assets.xcassets */ = {isa = PBXFileReference; lastKnownFileType = folder.assetcatalog; path = Assets.xcassets; sourceTree = "<group>"; };
		BDD77C061CA1301100B9E249 /* Base */ = {isa = PBXFileReference; lastKnownFileType = file.storyboard; name = Base; path = Base.lproj/LaunchScreen.storyboard; sourceTree = "<group>"; };
		BDD77C081CA1301100B9E249 /* Info.plist */ = {isa = PBXFileReference; lastKnownFileType = text.plist.xml; path = Info.plist; sourceTree = "<group>"; };
		BDD77C0D1CA1301100B9E249 /* FormattersTests.xctest */ = {isa = PBXFileReference; explicitFileType = wrapper.cfbundle; includeInIndex = 0; path = FormattersTests.xctest; sourceTree = BUILT_PRODUCTS_DIR; };
		BDD77C111CA1301100B9E249 /* FormattersTests.swift */ = {isa = PBXFileReference; lastKnownFileType = sourcecode.swift; path = FormattersTests.swift; sourceTree = "<group>"; };
		BDD77C131CA1301100B9E249 /* Info.plist */ = {isa = PBXFileReference; lastKnownFileType = text.plist.xml; path = Info.plist; sourceTree = "<group>"; };
		BDD77C1C1CA1301A00B9E249 /* Formatters.swift */ = {isa = PBXFileReference; fileEncoding = 4; lastKnownFileType = sourcecode.swift; path = Formatters.swift; sourceTree = "<group>"; };
/* End PBXFileReference section */

/* Begin PBXFrameworksBuildPhase section */
		BDD77BF61CA1301100B9E249 /* Frameworks */ = {
			isa = PBXFrameworksBuildPhase;
			buildActionMask = 2147483647;
			files = (
			);
			runOnlyForDeploymentPostprocessing = 0;
		};
		BDD77C0A1CA1301100B9E249 /* Frameworks */ = {
			isa = PBXFrameworksBuildPhase;
			buildActionMask = 2147483647;
			files = (
			);
			runOnlyForDeploymentPostprocessing = 0;
		};
/* End PBXFrameworksBuildPhase section */

/* Begin PBXGroup section */
		BDD77BF01CA1301100B9E249 = {
			isa = PBXGroup;
			children = (
				BDD77BFB1CA1301100B9E249 /* Formatters */,
				BDD77C101CA1301100B9E249 /* FormattersTests */,
				BDD77BFA1CA1301100B9E249 /* Products */,
			);
			sourceTree = "<group>";
		};
		BDD77BFA1CA1301100B9E249 /* Products */ = {
			isa = PBXGroup;
			children = (
				BDD77BF91CA1301100B9E249 /* Formatters.app */,
				BDD77C0D1CA1301100B9E249 /* FormattersTests.xctest */,
			);
			name = Products;
			sourceTree = "<group>";
		};
		BDD77BFB1CA1301100B9E249 /* Formatters */ = {
			isa = PBXGroup;
			children = (
				BDD77BFC1CA1301100B9E249 /* AppDelegate.swift */,
				BDD77BFE1CA1301100B9E249 /* ViewController.swift */,
				BDD77C001CA1301100B9E249 /* Main.storyboard */,
				BDD77C031CA1301100B9E249 /* Assets.xcassets */,
				BDD77C051CA1301100B9E249 /* LaunchScreen.storyboard */,
				BDD77C081CA1301100B9E249 /* Info.plist */,
				BDD77C1C1CA1301A00B9E249 /* Formatters.swift */,
			);
			path = Formatters;
			sourceTree = "<group>";
		};
		BDD77C101CA1301100B9E249 /* FormattersTests */ = {
			isa = PBXGroup;
			children = (
				BDD77C111CA1301100B9E249 /* FormattersTests.swift */,
				BDD77C131CA1301100B9E249 /* Info.plist */,
			);
			path = FormattersTests;
			sourceTree = "<group>";
		};
/* End PBXGroup section */

/* Begin PBXNativeTarget section */
		BDD77BF81CA1301100B9E249 /* Formatters */ = {
			isa = PBXNativeTarget;
			buildConfigurationList = BDD77C161CA1301100B9E249 /* Build configuration list for PBXNativeTarget "Formatters" */;
			buildPhases = (
				BDD77BF51CA1301100B9E249 /* Sources */,
				BDD77BF61CA1301100B9E249 /* Frameworks */,
				BDD77BF71CA1301100B9E249 /* Resources */,
			);
			buildRules = (
			);
			dependencies = (
			);
			name = Formatters;
			productName = Formatters;
			productReference = BDD77BF91CA1301100B9E249 /* Formatters.app */;
			productType = "com.apple.product-type.application";
		};
		BDD77C0C1CA1301100B9E249 /* FormattersTests */ = {
			isa = PBXNativeTarget;
			buildConfigurationList = BDD77C191CA1301100B9E249 /* Build configuration list for PBXNativeTarget "FormattersTests" */;
			buildPhases = (
				BDD77C091CA1301100B9E249 /* Sources */,
				BDD77C0A1CA1301100B9E249 /* Frameworks */,
				BDD77C0B1CA1301100B9E249 /* Resources */,
			);
			buildRules = (
			);
			dependencies = (
				BDD77C0F1CA1301100B9E249 /* PBXTargetDependency */,
			);
			name = FormattersTests;
			productName = FormattersTests;
			productReference = BDD77C0D1CA1301100B9E249 /* FormattersTests.xctest */;
			productType = "com.apple.product-type.bundle.unit-test";
		};
/* End PBXNativeTarget section */

/* Begin PBXProject section */
		BDD77BF11CA1301100B9E249 /* Project object */ = {
			isa = PBXProject;
			attributes = {
				LastSwiftUpdateCheck = 0720;
				LastUpgradeCheck = 0720;
				ORGANIZATIONNAME = "Markos Charatzas";
				TargetAttributes = {
					BDD77BF81CA1301100B9E249 = {
						CreatedOnToolsVersion = 7.2.1;
					};
					BDD77C0C1CA1301100B9E249 = {
						CreatedOnToolsVersion = 7.2.1;
						TestTargetID = BDD77BF81CA1301100B9E249;
					};
				};
			};
			buildConfigurationList = BDD77BF41CA1301100B9E249 /* Build configuration list for PBXProject "Formatters" */;
			compatibilityVersion = "Xcode 3.2";
			developmentRegion = English;
			hasScannedForEncodings = 0;
			knownRegions = (
				en,
				Base,
			);
			mainGroup = BDD77BF01CA1301100B9E249;
			productRefGroup = BDD77BFA1CA1301100B9E249 /* Products */;
			projectDirPath = "";
			projectRoot = "";
			targets = (
				BDD77BF81CA1301100B9E249 /* Formatters */,
				BDD77C0C1CA1301100B9E249 /* FormattersTests */,
			);
		};
/* End PBXProject section */

/* Begin PBXResourcesBuildPhase section */
		BDD77BF71CA1301100B9E249 /* Resources */ = {
			isa = PBXResourcesBuildPhase;
			buildActionMask = 2147483647;
			files = (
				BDD77C071CA1301100B9E249 /* LaunchScreen.storyboard in Resources */,
				BDD77C041CA1301100B9E249 /* Assets.xcassets in Resources */,
				BDD77C021CA1301100B9E249 /* Main.storyboard in Resources */,
			);
			runOnlyForDeploymentPostprocessing = 0;
		};
		BDD77C0B1CA1301100B9E249 /* Resources */ = {
			isa = PBXResourcesBuildPhase;
			buildActionMask = 2147483647;
			files = (
			);
			runOnlyForDeploymentPostprocessing = 0;
		};
/* End PBXResourcesBuildPhase section */

/* Begin PBXSourcesBuildPhase section */
		BDD77BF51CA1301100B9E249 /* Sources */ = {
			isa = PBXSourcesBuildPhase;
			buildActionMask = 2147483647;
			files = (
				BDD77C1D1CA1301A00B9E249 /* Formatters.swift in Sources */,
				BDD77BFF1CA1301100B9E249 /* ViewController.swift in Sources */,
				BDD77BFD1CA1301100B9E249 /* AppDelegate.swift in Sources */,
			);
			runOnlyForDeploymentPostprocessing = 0;
		};
		BDD77C091CA1301100B9E249 /* Sources */ = {
			isa = PBXSourcesBuildPhase;
			buildActionMask = 2147483647;
			files = (
				BDD77C121CA1301100B9E249 /* FormattersTests.swift in Sources */,
			);
			runOnlyForDeploymentPostprocessing = 0;
		};
/* End PBXSourcesBuildPhase section */

/* Begin PBXTargetDependency section */
		BDD77C0F1CA1301100B9E249 /* PBXTargetDependency */ = {
			isa = PBXTargetDependency;
			target = BDD77BF81CA1301100B9E249 /* Formatters */;
			targetProxy = BDD77C0E1CA1301100B9E249 /* PBXContainerItemProxy */;
		};
/* End PBXTargetDependency section */

/* Begin PBXVariantGroup section */
		BDD77C001CA1301100B9E249 /* Main.storyboard */ = {
			isa = PBXVariantGroup;
			children = (
				BDD77C011CA1301100B9E249 /* Base */,
			);
			name = Main.storyboard;
			sourceTree = "<group>";
		};
		BDD77C051CA1301100B9E249 /* LaunchScreen.storyboard */ = {
			isa = PBXVariantGroup;
			children = (
				BDD77C061CA1301100B9E249 /* Base */,
			);
			name = LaunchScreen.storyboard;
			sourceTree = "<group>";
		};
/* End PBXVariantGroup section */

/* Begin XCBuildConfiguration section */
		BDD77C141CA1301100B9E249 /* Debug */ = {
			isa = XCBuildConfiguration;
			buildSettings = {
				ALWAYS_SEARCH_USER_PATHS = NO;
				CLANG_CXX_LANGUAGE_STANDARD = "gnu++0x";
				CLANG_CXX_LIBRARY = "libc++";
				CLANG_ENABLE_MODULES = YES;
				CLANG_ENABLE_OBJC_ARC = YES;
				CLANG_WARN_BOOL_CONVERSION = YES;
				CLANG_WARN_CONSTANT_CONVERSION = YES;
				CLANG_WARN_DIRECT_OBJC_ISA_USAGE = YES_ERROR;
				CLANG_WARN_EMPTY_BODY = YES;
				CLANG_WARN_ENUM_CONVERSION = YES;
				CLANG_WARN_INT_CONVERSION = YES;
				CLANG_WARN_OBJC_ROOT_CLASS = YES_ERROR;
				CLANG_WARN_UNREACHABLE_CODE = YES;
				CLANG_WARN__DUPLICATE_METHOD_MATCH = YES;
				"CODE_SIGN_IDENTITY[sdk=iphoneos*]" = "iPhone Developer";
				COPY_PHASE_STRIP = NO;
				DEBUG_INFORMATION_FORMAT = dwarf;
				ENABLE_STRICT_OBJC_MSGSEND = YES;
				ENABLE_TESTABILITY = YES;
				GCC_C_LANGUAGE_STANDARD = gnu99;
				GCC_DYNAMIC_NO_PIC = NO;
				GCC_NO_COMMON_BLOCKS = YES;
				GCC_OPTIMIZATION_LEVEL = 0;
				GCC_PREPROCESSOR_DEFINITIONS = (
					"DEBUG=1",
					"$(inherited)",
				);
				GCC_WARN_64_TO_32_BIT_CONVERSION = YES;
				GCC_WARN_ABOUT_RETURN_TYPE = YES_ERROR;
				GCC_WARN_UNDECLARED_SELECTOR = YES;
				GCC_WARN_UNINITIALIZED_AUTOS = YES_AGGRESSIVE;
				GCC_WARN_UNUSED_FUNCTION = YES;
				GCC_WARN_UNUSED_VARIABLE = YES;
				IPHONEOS_DEPLOYMENT_TARGET = 9.2;
				MTL_ENABLE_DEBUG_INFO = YES;
				ONLY_ACTIVE_ARCH = YES;
				SDKROOT = iphoneos;
				SWIFT_OPTIMIZATION_LEVEL = "-Onone";
			};
			name = Debug;
		};
		BDD77C151CA1301100B9E249 /* Release */ = {
			isa = XCBuildConfiguration;
			buildSettings = {
				ALWAYS_SEARCH_USER_PATHS = NO;
				CLANG_CXX_LANGUAGE_STANDARD = "gnu++0x";
				CLANG_CXX_LIBRARY = "libc++";
				CLANG_ENABLE_MODULES = YES;
				CLANG_ENABLE_OBJC_ARC = YES;
				CLANG_WARN_BOOL_CONVERSION = YES;
				CLANG_WARN_CONSTANT_CONVERSION = YES;
				CLANG_WARN_DIRECT_OBJC_ISA_USAGE = YES_ERROR;
				CLANG_WARN_EMPTY_BODY = YES;
				CLANG_WARN_ENUM_CONVERSION = YES;
				CLANG_WARN_INT_CONVERSION = YES;
				CLANG_WARN_OBJC_ROOT_CLASS = YES_ERROR;
				CLANG_WARN_UNREACHABLE_CODE = YES;
				CLANG_WARN__DUPLICATE_METHOD_MATCH = YES;
				"CODE_SIGN_IDENTITY[sdk=iphoneos*]" = "iPhone Developer";
				COPY_PHASE_STRIP = NO;
				DEBUG_INFORMATION_FORMAT = "dwarf-with-dsym";
				ENABLE_NS_ASSERTIONS = NO;
				ENABLE_STRICT_OBJC_MSGSEND = YES;
				GCC_C_LANGUAGE_STANDARD = gnu99;
				GCC_NO_COMMON_BLOCKS = YES;
				GCC_WARN_64_TO_32_BIT_CONVERSION = YES;
				GCC_WARN_ABOUT_RETURN_TYPE = YES_ERROR;
				GCC_WARN_UNDECLARED_SELECTOR = YES;
				GCC_WARN_UNINITIALIZED_AUTOS = YES_AGGRESSIVE;
				GCC_WARN_UNUSED_FUNCTION = YES;
				GCC_WARN_UNUSED_VARIABLE = YES;
				IPHONEOS_DEPLOYMENT_TARGET = 9.2;
				MTL_ENABLE_DEBUG_INFO = NO;
				SDKROOT = iphoneos;
				VALIDATE_PRODUCT = YES;
			};
			name = Release;
		};
		BDD77C171CA1301100B9E249 /* Debug */ = {
			isa = XCBuildConfiguration;
			buildSettings = {
				ASSETCATALOG_COMPILER_APPICON_NAME = AppIcon;
				INFOPLIST_FILE = Formatters/Info.plist;
				LD_RUNPATH_SEARCH_PATHS = "$(inherited) @executable_path/Frameworks";
				PRODUCT_BUNDLE_IDENTIFIER = com.qnoid.Formatters;
				PRODUCT_NAME = "$(TARGET_NAME)";
			};
			name = Debug;
		};
		BDD77C181CA1301100B9E249 /* Release */ = {
			isa = XCBuildConfiguration;
			buildSettings = {
				ASSETCATALOG_COMPILER_APPICON_NAME = AppIcon;
				INFOPLIST_FILE = Formatters/Info.plist;
				LD_RUNPATH_SEARCH_PATHS = "$(inherited) @executable_path/Frameworks";
				PRODUCT_BUNDLE_IDENTIFIER = com.qnoid.Formatters;
				PRODUCT_NAME = "$(TARGET_NAME)";
			};
			name = Release;
		};
		BDD77C1A1CA1301100B9E249 /* Debug */ = {
			isa = XCBuildConfiguration;
			buildSettings = {
				BUNDLE_LOADER = "$(TEST_HOST)";
				INFOPLIST_FILE = FormattersTests/Info.plist;
				LD_RUNPATH_SEARCH_PATHS = "$(inherited) @executable_path/Frameworks @loader_path/Frameworks";
				PRODUCT_BUNDLE_IDENTIFIER = com.qnoid.FormattersTests;
				PRODUCT_NAME = "$(TARGET_NAME)";
				TEST_HOST = "$(BUILT_PRODUCTS_DIR)/Formatters.app/Formatters";
			};
			name = Debug;
		};
		BDD77C1B1CA1301100B9E249 /* Release */ = {
			isa = XCBuildConfiguration;
			buildSettings = {
				BUNDLE_LOADER = "$(TEST_HOST)";
				INFOPLIST_FILE = FormattersTests/Info.plist;
				LD_RUNPATH_SEARCH_PATHS = "$(inherited) @executable_path/Frameworks @loader_path/Frameworks";
				PRODUCT_BUNDLE_IDENTIFIER = com.qnoid.FormattersTests;
				PRODUCT_NAME = "$(TARGET_NAME)";
				TEST_HOST = "$(BUILT_PRODUCTS_DIR)/Formatters.app/Formatters";
			};
			name = Release;
		};
/* End XCBuildConfiguration section */

/* Begin XCConfigurationList section */
		BDD77BF41CA1301100B9E249 /* Build configuration list for PBXProject "Formatters" */ = {
			isa = XCConfigurationList;
			buildConfigurations = (
				BDD77C141CA1301100B9E249 /* Debug */,
				BDD77C151CA1301100B9E249 /* Release */,
			);
			defaultConfigurationIsVisible = 0;
			defaultConfigurationName = Release;
		};
		BDD77C161CA1301100B9E249 /* Build configuration list for PBXNativeTarget "Formatters" */ = {
			isa = XCConfigurationList;
			buildConfigurations = (
				BDD77C171CA1301100B9E249 /* Debug */,
				BDD77C181CA1301100B9E249 /* Release */,
			);
			defaultConfigurationIsVisible = 0;
		};
		BDD77C191CA1301100B9E249 /* Build configuration list for PBXNativeTarget "FormattersTests" */ = {
			isa = XCConfigurationList;
			buildConfigurations = (
				BDD77C1A1CA1301100B9E249 /* Debug */,
				BDD77C1B1CA1301100B9E249 /* Release */,
			);
			defaultConfigurationIsVisible = 0;
		};
/* End XCConfigurationList section */
	};
	rootObject = BDD77BF11CA1301100B9E249 /* Project object */;
}
